
Microsoft Visual Studio Solution File, Format Version 12.00
# Visual Studio Version 16
VisualStudioVersion = 16.0.30621.155
MinimumVisualStudioVersion = 10.0.40219.1
Project("{FAE04EC0-301F-11D3-BF4B-00C04F79EFBC}") = "MeuSite", "MeuSite.csproj", "{B8ECF994-73B4-41B5-8774-888D45CBFF5C}"
EndProject
Project("{FAE04EC0-301F-11D3-BF4B-00C04F79EFBC}") = "DataSetLayer", "..\DataSetLayer\DataSetLayer.csproj", "{D04500A9-3419-45AF-A96A-0C62C3AF80D9}"
EndProject
Project("{FAE04EC0-301F-11D3-BF4B-00C04F79EFBC}") = "DataAccessLayer", "..\DataAccessLayer\DataAccessLayer.csproj", "{BBD849DB-45C5-4DC8-BDB3-66C49F86A7E8}"
EndProject
Global
	GlobalSection(SolutionConfigurationPlatforms) = preSolution
		Debug|Any CPU = Debug|Any CPU
		Release|Any CPU = Release|Any CPU
	EndGlobalSection
	GlobalSection(ProjectConfigurationPlatforms) = postSolution
		{B8ECF994-73B4-41B5-8774-888D45CBFF5C}.Debug|Any CPU.ActiveCfg = Debug|Any CPU
		{B8ECF994-73B4-41B5-8774-888D45CBFF5C}.Debug|Any CPU.Build.0 = Debug|Any CPU
		{B8ECF994-73B4-41B5-8774-888D45CBFF5C}.Release|Any CPU.ActiveCfg = Release|Any CPU
		{B8ECF994-73B4-41B5-8774-888D45CBFF5C}.Release|Any CPU.Build.0 = Release|Any CPU
		{D04500A9-3419-45AF-A96A-0C62C3AF80D9}.Debug|Any CPU.ActiveCfg = Debug|Any CPU
		{D04500A9-3419-45AF-A96A-0C62C3AF80D9}.Debug|Any CPU.Build.0 = Debug|Any CPU
		{D04500A9-3419-45AF-A96A-0C62C3AF80D9}.Release|Any CPU.ActiveCfg = Release|Any CPU
		{D04500A9-3419-45AF-A96A-0C62C3AF80D9}.Release|Any CPU.Build.0 = Release|Any CPU
		{BBD849DB-45C5-4DC8-BDB3-66C49F86A7E8}.Debug|Any CPU.ActiveCfg = Debug|Any CPU
		{BBD849DB-45C5-4DC8-BDB3-66C49F86A7E8}.Debug|Any CPU.Build.0 = Debug|Any CPU
		{BBD849DB-45C5-4DC8-BDB3-66C49F86A7E8}.Release|Any CPU.ActiveCfg = Release|Any CPU
		{BBD849DB-45C5-4DC8-BDB3-66C49F86A7E8}.Release|Any CPU.Build.0 = Release|Any CPU
	EndGlobalSection
	GlobalSection(SolutionProperties) = preSolution
		HideSolutionNode = FALSE
	EndGlobalSection
	GlobalSection(ExtensibilityGlobals) = postSolution
		SolutionGuid = {F9E8B117-7665-4B08-BF54-69888C557531}
	EndGlobalSection
EndGlobal
